// !$*UTF8*$!
{
	archiveVersion = 1;
	classes = {
	};
	objectVersion = 50;
	objects = {

/* Begin PBXBuildFile section */
		F601E5A32730760100773F02 /* ImagesViewModel.swift in Sources */ = {isa = PBXBuildFile; fileRef = F601E5A22730760100773F02 /* ImagesViewModel.swift */; };
		F601E5A52730B88F00773F02 /* CapturePhotoView.swift in Sources */ = {isa = PBXBuildFile; fileRef = F601E5A42730B88E00773F02 /* CapturePhotoView.swift */; };
		F601E5A92731AA3900773F02 /* TaskViewModel.swift in Sources */ = {isa = PBXBuildFile; fileRef = F601E5A82731AA3900773F02 /* TaskViewModel.swift */; };
		F601E5AB2731E29600773F02 /* TaskView.swift in Sources */ = {isa = PBXBuildFile; fileRef = F601E5AA2731E29600773F02 /* TaskView.swift */; };
		F60D44AF29DC68CC0008E4F4 /* SquareGrid.swift in Sources */ = {isa = PBXBuildFile; fileRef = F60D44AE29DC68CC0008E4F4 /* SquareGrid.swift */; };
		F60D44B229DC693F0008E4F4 /* NSManagedObjectsSection.swift in Sources */ = {isa = PBXBuildFile; fileRef = F60D44B129DC693F0008E4F4 /* NSManagedObjectsSection.swift */; };
		F60D44B629DC74F50008E4F4 /* EmployeesSections.swift in Sources */ = {isa = PBXBuildFile; fileRef = F60D44B529DC74F50008E4F4 /* EmployeesSections.swift */; };
		F60D44B829DC753B0008E4F4 /* AuditoriumSectionType.swift in Sources */ = {isa = PBXBuildFile; fileRef = F60D44B729DC753B0008E4F4 /* AuditoriumSectionType.swift */; };
		F60D44BA29DC75710008E4F4 /* EmployeeSectionType.swift in Sources */ = {isa = PBXBuildFile; fileRef = F60D44B929DC75710008E4F4 /* EmployeeSectionType.swift */; };
		F612D8B429DB812C00D4DDEB /* SquareView.swift in Sources */ = {isa = PBXBuildFile; fileRef = F612D8B329DB812C00D4DDEB /* SquareView.swift */; };
		F612D8B629DB856A00D4DDEB /* AuditoriesGridView.swift in Sources */ = {isa = PBXBuildFile; fileRef = F612D8B529DB856A00D4DDEB /* AuditoriesGridView.swift */; };
		F613E17429DCCC900054C93E /* EmployeesGridView.swift in Sources */ = {isa = PBXBuildFile; fileRef = F613E17329DCCC900054C93E /* EmployeesGridView.swift */; };
		F613E17629DCD8C60054C93E /* SectionType.swift in Sources */ = {isa = PBXBuildFile; fileRef = F613E17529DCD8C60054C93E /* SectionType.swift */; };
		F614250C271B7EFF006C3CE1 /* AuditoriumDetailedView.swift in Sources */ = {isa = PBXBuildFile; fileRef = F614250B271B7EFF006C3CE1 /* AuditoriumDetailedView.swift */; };
		F61915B728465F2100A98101 /* GroupViewModel.swift in Sources */ = {isa = PBXBuildFile; fileRef = F61915B628465F2100A98101 /* GroupViewModel.swift */; };
		F61915B928465F4600A98101 /* LastUpdateDate.swift in Sources */ = {isa = PBXBuildFile; fileRef = F61915B828465F4600A98101 /* LastUpdateDate.swift */; };
		F61C523E26E64619002CF234 /* LessonDecoder.swift in Sources */ = {isa = PBXBuildFile; fileRef = F61C523A26E64619002CF234 /* LessonDecoder.swift */; };
		F61C523F26E64619002CF234 /* Lesson.swift in Sources */ = {isa = PBXBuildFile; fileRef = F61C523B26E64619002CF234 /* Lesson.swift */; };
		F61C524026E64619002CF234 /* Group+CoreDataClass.swift in Sources */ = {isa = PBXBuildFile; fileRef = F61C523C26E64619002CF234 /* Group+CoreDataClass.swift */; };
		F61C524126E64619002CF234 /* Group+CoreDataProperties.swift in Sources */ = {isa = PBXBuildFile; fileRef = F61C523D26E64619002CF234 /* Group+CoreDataProperties.swift */; };
		F624A3452913B85500E8CB5B /* FromGroupView.swift in Sources */ = {isa = PBXBuildFile; fileRef = F624A3442913B85500E8CB5B /* FromGroupView.swift */; };
		F62B3703290319D200FA2BE8 /* SettingsViewModel.swift in Sources */ = {isa = PBXBuildFile; fileRef = F62B3702290319D200FA2BE8 /* SettingsViewModel.swift */; };
		F62F764629E201C800959225 /* EducationDegree.swift in Sources */ = {isa = PBXBuildFile; fileRef = F62F764529E201C800959225 /* EducationDegree.swift */; };
		F62F764829E21A6400959225 /* LessonsRefreshableView.swift in Sources */ = {isa = PBXBuildFile; fileRef = F62F764729E21A6400959225 /* LessonsRefreshableView.swift */; };
		F62FC6A129E8217300F6B941 /* Backgrounds.swift in Sources */ = {isa = PBXBuildFile; fileRef = F62FC6A029E8217300F6B941 /* Backgrounds.swift */; };
		F632DEEC26696CCB00E4C55F /* bsuirTimetableApp.swift in Sources */ = {isa = PBXBuildFile; fileRef = F632DEEB26696CCB00E4C55F /* bsuirTimetableApp.swift */; };
		F632DEEE26696CCB00E4C55F /* ContentView.swift in Sources */ = {isa = PBXBuildFile; fileRef = F632DEED26696CCB00E4C55F /* ContentView.swift */; };
		F632DEF026696CD300E4C55F /* Assets.xcassets in Resources */ = {isa = PBXBuildFile; fileRef = F632DEEF26696CD300E4C55F /* Assets.xcassets */; };
		F632DEF526696CD300E4C55F /* Persistence.swift in Sources */ = {isa = PBXBuildFile; fileRef = F632DEF426696CD300E4C55F /* Persistence.swift */; };
		F632DEF826696CD300E4C55F /* bsuirSchedule.xcdatamodeld in Sources */ = {isa = PBXBuildFile; fileRef = F632DEF626696CD300E4C55F /* bsuirSchedule.xcdatamodeld */; };
		F63FC6BD272F01EA00C9F410 /* TaskDetailedView.swift in Sources */ = {isa = PBXBuildFile; fileRef = F63FC6BC272F01E900C9F410 /* TaskDetailedView.swift */; };
		F643070929DF7D6800B3A98A /* FavoriteButton.swift in Sources */ = {isa = PBXBuildFile; fileRef = F643070829DF7D6800B3A98A /* FavoriteButton.swift */; };
		F643070B29DF7D8500B3A98A /* Favored.swift in Sources */ = {isa = PBXBuildFile; fileRef = F643070A29DF7D8500B3A98A /* Favored.swift */; };
		F643071129DF843000B3A98A /* EducationBoundedView.swift in Sources */ = {isa = PBXBuildFile; fileRef = F643071029DF843000B3A98A /* EducationBoundedView.swift */; };
		F643071329DFABF700B3A98A /* SequenceSections.swift in Sources */ = {isa = PBXBuildFile; fileRef = F643071229DFABF700B3A98A /* SequenceSections.swift */; };
		F643071529E06D5700B3A98A /* FormView.swift in Sources */ = {isa = PBXBuildFile; fileRef = F643071429E06D5700B3A98A /* FormView.swift */; };
		F643071729E06F0300B3A98A /* FormViewWithAlternativeText.swift in Sources */ = {isa = PBXBuildFile; fileRef = F643071629E06F0300B3A98A /* FormViewWithAlternativeText.swift */; };
		F643071D29E08DEA00B3A98A /* EducationTypeDecoder.swift in Sources */ = {isa = PBXBuildFile; fileRef = F643071B29E08DEA00B3A98A /* EducationTypeDecoder.swift */; };
		F643071E29E08DEA00B3A98A /* EducationType.swift in Sources */ = {isa = PBXBuildFile; fileRef = F643071C29E08DEA00B3A98A /* EducationType.swift */; };
		F646714D29FF11F6004E2953 /* LessonTypeDecoder.swift in Sources */ = {isa = PBXBuildFile; fileRef = F646714B29FF11F6004E2953 /* LessonTypeDecoder.swift */; };
		F646714E29FF11F6004E2953 /* LessonType.swift in Sources */ = {isa = PBXBuildFile; fileRef = F646714C29FF11F6004E2953 /* LessonType.swift */; };
		F646715129FF1313004E2953 /* LessonTypeExtensions.swift in Sources */ = {isa = PBXBuildFile; fileRef = F646715029FF1313004E2953 /* LessonTypeExtensions.swift */; };
		F646715329FF1B93004E2953 /* LessonExtensions.swift in Sources */ = {isa = PBXBuildFile; fileRef = F646715229FF1B93004E2953 /* LessonExtensions.swift */; };
		F646715529FFDD99004E2953 /* LessonTypesView.swift in Sources */ = {isa = PBXBuildFile; fileRef = F646715429FFDD99004E2953 /* LessonTypesView.swift */; };
		F64AD7B0266A816D00115E6B /* EmployeesView.swift in Sources */ = {isa = PBXBuildFile; fileRef = F64AD7AF266A816D00115E6B /* EmployeesView.swift */; };
		F64BEDDA26E9072900C7AD09 /* EmployeeView.swift in Sources */ = {isa = PBXBuildFile; fileRef = F64BEDD926E9072900C7AD09 /* EmployeeView.swift */; };
		F65309E529DCE1DA001DEC29 /* SectionTypePicker.swift in Sources */ = {isa = PBXBuildFile; fileRef = F65309E429DCE1DA001DEC29 /* SectionTypePicker.swift */; };
		F65309E729DCED12001DEC29 /* MenuView.swift in Sources */ = {isa = PBXBuildFile; fileRef = F65309E629DCED12001DEC29 /* MenuView.swift */; };
		F65333E029DCC3D4004EEF8C /* TotalFooterView.swift in Sources */ = {isa = PBXBuildFile; fileRef = F65333DF29DCC3D4004EEF8C /* TotalFooterView.swift */; };
		F65A9A9529FFF9C000244488 /* LessonTypeConfigurationView.swift in Sources */ = {isa = PBXBuildFile; fileRef = F65A9A9429FFF9C000244488 /* LessonTypeConfigurationView.swift */; };
		F65F832126E8F37800B8CC4E /* EmployeesViewModel.swift in Sources */ = {isa = PBXBuildFile; fileRef = F65F832026E8F37800B8CC4E /* EmployeesViewModel.swift */; };
		F6606FD826F93A89002E0B3E /* FavoritesView.swift in Sources */ = {isa = PBXBuildFile; fileRef = F6606FD726F93A89002E0B3E /* FavoritesView.swift */; };
		F666CFDA28FF5C71007F9F28 /* EducationWeek.swift in Sources */ = {isa = PBXBuildFile; fileRef = F666CFD928FF5C71007F9F28 /* EducationWeek.swift */; };
		F670BEE72A00117700D76D70 /* SpecialityFetch.swift in Sources */ = {isa = PBXBuildFile; fileRef = F670BEE62A00117700D76D70 /* SpecialityFetch.swift */; };
		F670BEE92A0017F900D76D70 /* URLSessionData.swift in Sources */ = {isa = PBXBuildFile; fileRef = F670BEE82A0017F900D76D70 /* URLSessionData.swift */; };
		F670BEEC2A001BB300D76D70 /* getAll.swift in Sources */ = {isa = PBXBuildFile; fileRef = F670BEEB2A001BB300D76D70 /* getAll.swift */; };
		F670BEEF2A001CDA00D76D70 /* EducationTypeExtensions.swift in Sources */ = {isa = PBXBuildFile; fileRef = F670BEEE2A001CDA00D76D70 /* EducationTypeExtensions.swift */; };
		F671F15629E7489F0086681E /* HeaderView.swift in Sources */ = {isa = PBXBuildFile; fileRef = F671F15529E7489F0086681E /* HeaderView.swift */; };
		F6748DF128DFA2EE0072FB04 /* EducationRanged.swift in Sources */ = {isa = PBXBuildFile; fileRef = F6748DF028DFA2EE0072FB04 /* EducationRanged.swift */; };
		F6748DF328DFB7C80072FB04 /* Scheduled.swift in Sources */ = {isa = PBXBuildFile; fileRef = F6748DF228DFB7C80072FB04 /* Scheduled.swift */; };
		F6794E8929FDBB6D00BEE44A /* HomeView.swift in Sources */ = {isa = PBXBuildFile; fileRef = F6794E8829FDBB6D00BEE44A /* HomeView.swift */; };
		F67AA4E228FF788400E5A7C4 /* DateExtensions.swift in Sources */ = {isa = PBXBuildFile; fileRef = F67AA4E128FF788400E5A7C4 /* DateExtensions.swift */; };
		F67AA4E928FF79F200E5A7C4 /* onLoad.swift in Sources */ = {isa = PBXBuildFile; fileRef = F67AA4E828FF79F200E5A7C4 /* onLoad.swift */; };
		F67AA4ED28FF7A3500E5A7C4 /* capitalizingFirstLetter.swift in Sources */ = {isa = PBXBuildFile; fileRef = F67AA4EC28FF7A3500E5A7C4 /* capitalizingFirstLetter.swift */; };
		F67DF3B5266AA56000D96417 /* Employee+CoreDataClass.swift in Sources */ = {isa = PBXBuildFile; fileRef = F67DF3B3266AA56000D96417 /* Employee+CoreDataClass.swift */; };
		F67DF3B6266AA56000D96417 /* Employee+CoreDataProperties.swift in Sources */ = {isa = PBXBuildFile; fileRef = F67DF3B4266AA56000D96417 /* Employee+CoreDataProperties.swift */; };
		F67E177D29E5E15F00864712 /* GroupsViewModel.swift in Sources */ = {isa = PBXBuildFile; fileRef = F67E177C29E5E15F00864712 /* GroupsViewModel.swift */; };
		F68465FB26FA5321000F185E /* Faculty+CoreDataClass.swift in Sources */ = {isa = PBXBuildFile; fileRef = F68465F926FA5321000F185E /* Faculty+CoreDataClass.swift */; };
		F68465FC26FA5321000F185E /* Faculty+CoreDataProperties.swift in Sources */ = {isa = PBXBuildFile; fileRef = F68465FA26FA5321000F185E /* Faculty+CoreDataProperties.swift */; };
		F6857C7728F06F4300195388 /* DeveloperView.swift in Sources */ = {isa = PBXBuildFile; fileRef = F6857C7628F06F4300195388 /* DeveloperView.swift */; };
		F6857C7928F096CE00195388 /* AuditoriesSection.swift in Sources */ = {isa = PBXBuildFile; fileRef = F6857C7828F096CE00195388 /* AuditoriesSection.swift */; };
		F6857C7B28F0B5F800195388 /* FromGroupsView.swift in Sources */ = {isa = PBXBuildFile; fileRef = F6857C7A28F0B5F800195388 /* FromGroupsView.swift */; };
		F687043129FEE25300A3CF0C /* ClosestScheduleView.swift in Sources */ = {isa = PBXBuildFile; fileRef = F687043029FEE25300A3CF0C /* ClosestScheduleView.swift */; };
		F687043329FEE35E00A3CF0C /* AuditoriumExtensions.swift in Sources */ = {isa = PBXBuildFile; fileRef = F687043229FEE35E00A3CF0C /* AuditoriumExtensions.swift */; };
		F687043529FEE38B00A3CF0C /* AuditoriumFetch.swift in Sources */ = {isa = PBXBuildFile; fileRef = F687043429FEE38B00A3CF0C /* AuditoriumFetch.swift */; };
		F68B4CEE284535C000C8DBF6 /* ScheduleSection .swift in Sources */ = {isa = PBXBuildFile; fileRef = F68B4CED284535C000C8DBF6 /* ScheduleSection .swift */; };
		F68E9CDC2729B57400704EB0 /* AuditoriumView.swift in Sources */ = {isa = PBXBuildFile; fileRef = F68E9CDB2729B57300704EB0 /* AuditoriumView.swift */; };
		F68E9CDE2729BB4100704EB0 /* FavoriteGroupView.swift in Sources */ = {isa = PBXBuildFile; fileRef = F68E9CDD2729BB4100704EB0 /* FavoriteGroupView.swift */; };
		F69009D426F6958100379A74 /* ScheduleViewModel.swift in Sources */ = {isa = PBXBuildFile; fileRef = F69009D326F6958000379A74 /* ScheduleViewModel.swift */; };
		F691602E29001F290033AE14 /* ScheduleView.swift in Sources */ = {isa = PBXBuildFile; fileRef = F691602D29001F290033AE14 /* ScheduleView.swift */; };
		F691603429002BCD0033AE14 /* ScheduleSectionView.swift in Sources */ = {isa = PBXBuildFile; fileRef = F691603329002BCD0033AE14 /* ScheduleSectionView.swift */; };
		F694249E292623EF006FF042 /* FavoriteSectionView.swift in Sources */ = {isa = PBXBuildFile; fileRef = F694249D292623EF006FF042 /* FavoriteSectionView.swift */; };
		F69424A029262426006FF042 /* FavoriteSectionViewModel.swift in Sources */ = {isa = PBXBuildFile; fileRef = F694249F29262426006FF042 /* FavoriteSectionViewModel.swift */; };
		F695AA3429D835C80051A354 /* AuditoriumType+CoreDataClass.swift in Sources */ = {isa = PBXBuildFile; fileRef = F695AA3229D835C80051A354 /* AuditoriumType+CoreDataClass.swift */; };
		F695AA3529D835C80051A354 /* AuditoriumType+CoreDataProperties.swift in Sources */ = {isa = PBXBuildFile; fileRef = F695AA3329D835C80051A354 /* AuditoriumType+CoreDataProperties.swift */; };
		F695AA3A29D8439D0051A354 /* Department+CoreDataClass.swift in Sources */ = {isa = PBXBuildFile; fileRef = F695AA3829D8439D0051A354 /* Department+CoreDataClass.swift */; };
		F695AA3B29D8439D0051A354 /* Department+CoreDataProperties.swift in Sources */ = {isa = PBXBuildFile; fileRef = F695AA3929D8439D0051A354 /* Department+CoreDataProperties.swift */; };
		F697BF7C26FFA1BA008FA7A9 /* AuditoriumDecoder.swift in Sources */ = {isa = PBXBuildFile; fileRef = F697BF7826FFA1BA008FA7A9 /* AuditoriumDecoder.swift */; };
		F697BF7D26FFA1BA008FA7A9 /* Auditorium.swift in Sources */ = {isa = PBXBuildFile; fileRef = F697BF7926FFA1BA008FA7A9 /* Auditorium.swift */; };
		F697BF8526FFA960008FA7A9 /* AuditoriesView.swift in Sources */ = {isa = PBXBuildFile; fileRef = F697BF8426FFA960008FA7A9 /* AuditoriesView.swift */; };
		F697BF8726FFAA02008FA7A9 /* AuditoriesViewModel.swift in Sources */ = {isa = PBXBuildFile; fileRef = F697BF8626FFAA02008FA7A9 /* AuditoriesViewModel.swift */; };
		F698C25928D4995000C24EFB /* LessonsRefreshable.swift in Sources */ = {isa = PBXBuildFile; fileRef = F698C25828D4995000C24EFB /* LessonsRefreshable.swift */; };
		F69BEF7729FE9F7100A9ED5A /* GroupNavigationLink.swift in Sources */ = {isa = PBXBuildFile; fileRef = F69BEF7629FE9F7100A9ED5A /* GroupNavigationLink.swift */; };
		F69BEF7929FEB01200A9ED5A /* EmplpyeeNavigationLink.swift in Sources */ = {isa = PBXBuildFile; fileRef = F69BEF7829FEB01200A9ED5A /* EmplpyeeNavigationLink.swift */; };
		F69BEF7B29FEB41900A9ED5A /* AuditoriumNavigationLink.swift in Sources */ = {isa = PBXBuildFile; fileRef = F69BEF7A29FEB41900A9ED5A /* AuditoriumNavigationLink.swift */; };
		F69BEF7D29FEBDF600A9ED5A /* HomeViewGrid.swift in Sources */ = {isa = PBXBuildFile; fileRef = F69BEF7C29FEBDF600A9ED5A /* HomeViewGrid.swift */; };
		F69C463726E91B430036D6A1 /* EmployeeDetailedView.swift in Sources */ = {isa = PBXBuildFile; fileRef = F69C463626E91B430036D6A1 /* EmployeeDetailedView.swift */; };
		F6A1084729E5BB11004BA71F /* GroupExtensions.swift in Sources */ = {isa = PBXBuildFile; fileRef = F6A1084629E5BB11004BA71F /* GroupExtensions.swift */; };
		F6A1084A29E5BB47004BA71F /* GroupView.swift in Sources */ = {isa = PBXBuildFile; fileRef = F6A1084929E5BB47004BA71F /* GroupView.swift */; };
		F6A1084D29E5BEE5004BA71F /* GroupsGridView.swift in Sources */ = {isa = PBXBuildFile; fileRef = F6A1084C29E5BEE5004BA71F /* GroupsGridView.swift */; };
		F6A1085029E5C123004BA71F /* GroupSectionType.swift in Sources */ = {isa = PBXBuildFile; fileRef = F6A1084F29E5C123004BA71F /* GroupSectionType.swift */; };
		F6A1085229E5C6B5004BA71F /* GroupsSections.swift in Sources */ = {isa = PBXBuildFile; fileRef = F6A1085129E5C6B5004BA71F /* GroupsSections.swift */; };
		F6A1085429E5CEA7004BA71F /* GroupsView.swift in Sources */ = {isa = PBXBuildFile; fileRef = F6A1085329E5CEA6004BA71F /* GroupsView.swift */; };
		F6A1085629E5D328004BA71F /* SpecialityExtensions.swift in Sources */ = {isa = PBXBuildFile; fileRef = F6A1085529E5D328004BA71F /* SpecialityExtensions.swift */; };
		F6AFC4622721EC43008CC065 /* ColorRawRepresentable.swift in Sources */ = {isa = PBXBuildFile; fileRef = F6AFC4612721EC43008CC065 /* ColorRawRepresentable.swift */; };
		F6B838E729F8717E006BAA23 /* roundTo.swift in Sources */ = {isa = PBXBuildFile; fileRef = F6B838E629F8717E006BAA23 /* roundTo.swift */; };
		F6BC18A52811D4A100BA549D /* DateFormatters.swift in Sources */ = {isa = PBXBuildFile; fileRef = F6BC18A42811D4A100BA549D /* DateFormatters.swift */; };
		F6BC18A72811E8FE00BA549D /* GroupDetailedView.swift in Sources */ = {isa = PBXBuildFile; fileRef = F6BC18A62811E8FD00BA549D /* GroupDetailedView.swift */; };
		F6BF723A272F311A00D18ADD /* PhotoPickerView.swift in Sources */ = {isa = PBXBuildFile; fileRef = F6BF7239272F311900D18ADD /* PhotoPickerView.swift */; };
		F6BF723C272F4F4C00D18ADD /* ImagesView.swift in Sources */ = {isa = PBXBuildFile; fileRef = F6BF723B272F4F4C00D18ADD /* ImagesView.swift */; };
		F6C1A33C272AE2E700AD38E1 /* FavoriteEmployeeView.swift in Sources */ = {isa = PBXBuildFile; fileRef = F6C1A33B272AE2E600AD38E1 /* FavoriteEmployeeView.swift */; };
		F6CAAA4629F9C6A700836230 /* ScheduleSectionType.swift in Sources */ = {isa = PBXBuildFile; fileRef = F6CAAA4529F9C6A700836230 /* ScheduleSectionType.swift */; };
		F6CAAA4829F9C96F00836230 /* EducationBounded.swift in Sources */ = {isa = PBXBuildFile; fileRef = F6CAAA4729F9C96F00836230 /* EducationBounded.swift */; };
		F6CB615726F000EE00D29807 /* LessonView.swift in Sources */ = {isa = PBXBuildFile; fileRef = F6CB615626F000EE00D29807 /* LessonView.swift */; };
		F6CF52F528EEBB3B00522C89 /* DecoderUpdatable.swift in Sources */ = {isa = PBXBuildFile; fileRef = F6CF52F428EEBB3B00522C89 /* DecoderUpdatable.swift */; };
		F6D3C10528E0BAB40055B800 /* WeekDay.swift in Sources */ = {isa = PBXBuildFile; fileRef = F6D3C10428E0BAB40055B800 /* WeekDay.swift */; };
		F6D4AAB729BEB5260044481B /* Log.swift in Sources */ = {isa = PBXBuildFile; fileRef = F6D4AAB629BEB5260044481B /* Log.swift */; };
		F6D588D128E4685B00CB58AC /* FetchDataType.swift in Sources */ = {isa = PBXBuildFile; fileRef = F6D588CF28E4685B00CB58AC /* FetchDataType.swift */; };
		F6DCD72326B30EF0003761B0 /* SettingsView.swift in Sources */ = {isa = PBXBuildFile; fileRef = F6DCD72226B30EF0003761B0 /* SettingsView.swift */; };
		F6F87816271A1ED7005E3C41 /* SpecialityDecoder.swift in Sources */ = {isa = PBXBuildFile; fileRef = F6F87810271A1ED7005E3C41 /* SpecialityDecoder.swift */; };
		F6F87817271A1ED7005E3C41 /* Speciality.swift in Sources */ = {isa = PBXBuildFile; fileRef = F6F87811271A1ED7005E3C41 /* Speciality.swift */; };
		F6F9AC1329F71B930069DD18 /* LessonViewConfiguration.swift in Sources */ = {isa = PBXBuildFile; fileRef = F6F9AC1229F71B930069DD18 /* LessonViewConfiguration.swift */; };
/* End PBXBuildFile section */

/* Begin PBXCopyFilesBuildPhase section */
		F68E9CFC2729FFEA00704EB0 /* Embed Foundation Extensions */ = {
			isa = PBXCopyFilesBuildPhase;
			buildActionMask = 2147483647;
			dstPath = "";
			dstSubfolderSpec = 13;
			files = (
			);
			name = "Embed Foundation Extensions";
			runOnlyForDeploymentPostprocessing = 0;
		};
/* End PBXCopyFilesBuildPhase section */

/* Begin PBXFileReference section */
		F601E5A22730760100773F02 /* ImagesViewModel.swift */ = {isa = PBXFileReference; lastKnownFileType = sourcecode.swift; path = ImagesViewModel.swift; sourceTree = "<group>"; };
		F601E5A42730B88E00773F02 /* CapturePhotoView.swift */ = {isa = PBXFileReference; lastKnownFileType = sourcecode.swift; path = CapturePhotoView.swift; sourceTree = "<group>"; };
		F601E5A82731AA3900773F02 /* TaskViewModel.swift */ = {isa = PBXFileReference; lastKnownFileType = sourcecode.swift; path = TaskViewModel.swift; sourceTree = "<group>"; };
		F601E5AA2731E29600773F02 /* TaskView.swift */ = {isa = PBXFileReference; lastKnownFileType = sourcecode.swift; path = TaskView.swift; sourceTree = "<group>"; };
		F60D44AE29DC68CC0008E4F4 /* SquareGrid.swift */ = {isa = PBXFileReference; lastKnownFileType = sourcecode.swift; path = SquareGrid.swift; sourceTree = "<group>"; };
		F60D44B129DC693F0008E4F4 /* NSManagedObjectsSection.swift */ = {isa = PBXFileReference; lastKnownFileType = sourcecode.swift; path = NSManagedObjectsSection.swift; sourceTree = "<group>"; };
		F60D44B529DC74F50008E4F4 /* EmployeesSections.swift */ = {isa = PBXFileReference; lastKnownFileType = sourcecode.swift; path = EmployeesSections.swift; sourceTree = "<group>"; };
		F60D44B729DC753B0008E4F4 /* AuditoriumSectionType.swift */ = {isa = PBXFileReference; lastKnownFileType = sourcecode.swift; path = AuditoriumSectionType.swift; sourceTree = "<group>"; };
		F60D44B929DC75710008E4F4 /* EmployeeSectionType.swift */ = {isa = PBXFileReference; lastKnownFileType = sourcecode.swift; path = EmployeeSectionType.swift; sourceTree = "<group>"; };
		F612D8B329DB812C00D4DDEB /* SquareView.swift */ = {isa = PBXFileReference; lastKnownFileType = sourcecode.swift; path = SquareView.swift; sourceTree = "<group>"; };
		F612D8B529DB856A00D4DDEB /* AuditoriesGridView.swift */ = {isa = PBXFileReference; lastKnownFileType = sourcecode.swift; path = AuditoriesGridView.swift; sourceTree = "<group>"; };
		F613E17329DCCC900054C93E /* EmployeesGridView.swift */ = {isa = PBXFileReference; lastKnownFileType = sourcecode.swift; path = EmployeesGridView.swift; sourceTree = "<group>"; };
		F613E17529DCD8C60054C93E /* SectionType.swift */ = {isa = PBXFileReference; lastKnownFileType = sourcecode.swift; path = SectionType.swift; sourceTree = "<group>"; };
		F614250B271B7EFF006C3CE1 /* AuditoriumDetailedView.swift */ = {isa = PBXFileReference; lastKnownFileType = sourcecode.swift; path = AuditoriumDetailedView.swift; sourceTree = "<group>"; };
		F61915B628465F2100A98101 /* GroupViewModel.swift */ = {isa = PBXFileReference; lastKnownFileType = sourcecode.swift; path = GroupViewModel.swift; sourceTree = "<group>"; };
		F61915B828465F4600A98101 /* LastUpdateDate.swift */ = {isa = PBXFileReference; lastKnownFileType = sourcecode.swift; path = LastUpdateDate.swift; sourceTree = "<group>"; };
		F61C523A26E64619002CF234 /* LessonDecoder.swift */ = {isa = PBXFileReference; lastKnownFileType = sourcecode.swift; path = LessonDecoder.swift; sourceTree = "<group>"; };
		F61C523B26E64619002CF234 /* Lesson.swift */ = {isa = PBXFileReference; lastKnownFileType = sourcecode.swift; path = Lesson.swift; sourceTree = "<group>"; };
		F61C523C26E64619002CF234 /* Group+CoreDataClass.swift */ = {isa = PBXFileReference; lastKnownFileType = sourcecode.swift; path = "Group+CoreDataClass.swift"; sourceTree = "<group>"; };
		F61C523D26E64619002CF234 /* Group+CoreDataProperties.swift */ = {isa = PBXFileReference; lastKnownFileType = sourcecode.swift; path = "Group+CoreDataProperties.swift"; sourceTree = "<group>"; };
		F624A3442913B85500E8CB5B /* FromGroupView.swift */ = {isa = PBXFileReference; lastKnownFileType = sourcecode.swift; path = FromGroupView.swift; sourceTree = "<group>"; };
		F62B3702290319D200FA2BE8 /* SettingsViewModel.swift */ = {isa = PBXFileReference; lastKnownFileType = sourcecode.swift; path = SettingsViewModel.swift; sourceTree = "<group>"; };
		F62F764529E201C800959225 /* EducationDegree.swift */ = {isa = PBXFileReference; lastKnownFileType = sourcecode.swift; path = EducationDegree.swift; sourceTree = "<group>"; };
		F62F764729E21A6400959225 /* LessonsRefreshableView.swift */ = {isa = PBXFileReference; lastKnownFileType = sourcecode.swift; path = LessonsRefreshableView.swift; sourceTree = "<group>"; };
		F62FC6A029E8217300F6B941 /* Backgrounds.swift */ = {isa = PBXFileReference; lastKnownFileType = sourcecode.swift; path = Backgrounds.swift; sourceTree = "<group>"; };
		F632DEE826696CCB00E4C55F /* bsuirSchedule.app */ = {isa = PBXFileReference; explicitFileType = wrapper.application; includeInIndex = 0; path = bsuirSchedule.app; sourceTree = BUILT_PRODUCTS_DIR; };
		F632DEEB26696CCB00E4C55F /* bsuirTimetableApp.swift */ = {isa = PBXFileReference; lastKnownFileType = sourcecode.swift; path = bsuirTimetableApp.swift; sourceTree = "<group>"; };
		F632DEED26696CCB00E4C55F /* ContentView.swift */ = {isa = PBXFileReference; lastKnownFileType = sourcecode.swift; path = ContentView.swift; sourceTree = "<group>"; };
		F632DEEF26696CD300E4C55F /* Assets.xcassets */ = {isa = PBXFileReference; lastKnownFileType = folder.assetcatalog; path = Assets.xcassets; sourceTree = "<group>"; };
		F632DEF426696CD300E4C55F /* Persistence.swift */ = {isa = PBXFileReference; lastKnownFileType = sourcecode.swift; path = Persistence.swift; sourceTree = "<group>"; };
		F632DEF726696CD300E4C55F /* bsuirTimetable.xcdatamodel */ = {isa = PBXFileReference; lastKnownFileType = wrapper.xcdatamodel; path = bsuirTimetable.xcdatamodel; sourceTree = "<group>"; };
		F632DEF926696CD300E4C55F /* Info.plist */ = {isa = PBXFileReference; lastKnownFileType = text.plist.xml; path = Info.plist; sourceTree = "<group>"; };
		F63FC6BC272F01E900C9F410 /* TaskDetailedView.swift */ = {isa = PBXFileReference; lastKnownFileType = sourcecode.swift; path = TaskDetailedView.swift; sourceTree = "<group>"; };
		F643070829DF7D6800B3A98A /* FavoriteButton.swift */ = {isa = PBXFileReference; lastKnownFileType = sourcecode.swift; path = FavoriteButton.swift; sourceTree = "<group>"; };
		F643070A29DF7D8500B3A98A /* Favored.swift */ = {isa = PBXFileReference; lastKnownFileType = sourcecode.swift; path = Favored.swift; sourceTree = "<group>"; };
		F643071029DF843000B3A98A /* EducationBoundedView.swift */ = {isa = PBXFileReference; lastKnownFileType = sourcecode.swift; path = EducationBoundedView.swift; sourceTree = "<group>"; };
		F643071229DFABF700B3A98A /* SequenceSections.swift */ = {isa = PBXFileReference; lastKnownFileType = sourcecode.swift; path = SequenceSections.swift; sourceTree = "<group>"; };
		F643071429E06D5700B3A98A /* FormView.swift */ = {isa = PBXFileReference; lastKnownFileType = sourcecode.swift; path = FormView.swift; sourceTree = "<group>"; };
		F643071629E06F0300B3A98A /* FormViewWithAlternativeText.swift */ = {isa = PBXFileReference; lastKnownFileType = sourcecode.swift; path = FormViewWithAlternativeText.swift; sourceTree = "<group>"; };
		F643071B29E08DEA00B3A98A /* EducationTypeDecoder.swift */ = {isa = PBXFileReference; lastKnownFileType = sourcecode.swift; path = EducationTypeDecoder.swift; sourceTree = "<group>"; };
		F643071C29E08DEA00B3A98A /* EducationType.swift */ = {isa = PBXFileReference; lastKnownFileType = sourcecode.swift; path = EducationType.swift; sourceTree = "<group>"; };
		F646714B29FF11F6004E2953 /* LessonTypeDecoder.swift */ = {isa = PBXFileReference; lastKnownFileType = sourcecode.swift; path = LessonTypeDecoder.swift; sourceTree = "<group>"; };
		F646714C29FF11F6004E2953 /* LessonType.swift */ = {isa = PBXFileReference; lastKnownFileType = sourcecode.swift; path = LessonType.swift; sourceTree = "<group>"; };
		F646715029FF1313004E2953 /* LessonTypeExtensions.swift */ = {isa = PBXFileReference; lastKnownFileType = sourcecode.swift; path = LessonTypeExtensions.swift; sourceTree = "<group>"; usesTabs = 1; };
		F646715229FF1B93004E2953 /* LessonExtensions.swift */ = {isa = PBXFileReference; lastKnownFileType = sourcecode.swift; path = LessonExtensions.swift; sourceTree = "<group>"; };
		F646715429FFDD99004E2953 /* LessonTypesView.swift */ = {isa = PBXFileReference; lastKnownFileType = sourcecode.swift; path = LessonTypesView.swift; sourceTree = "<group>"; };
		F64AD7AF266A816D00115E6B /* EmployeesView.swift */ = {isa = PBXFileReference; lastKnownFileType = sourcecode.swift; path = EmployeesView.swift; sourceTree = "<group>"; };
		F64BEDD926E9072900C7AD09 /* EmployeeView.swift */ = {isa = PBXFileReference; lastKnownFileType = sourcecode.swift; path = EmployeeView.swift; sourceTree = "<group>"; };
		F65309E429DCE1DA001DEC29 /* SectionTypePicker.swift */ = {isa = PBXFileReference; lastKnownFileType = sourcecode.swift; path = SectionTypePicker.swift; sourceTree = "<group>"; };
		F65309E629DCED12001DEC29 /* MenuView.swift */ = {isa = PBXFileReference; lastKnownFileType = sourcecode.swift; path = MenuView.swift; sourceTree = "<group>"; };
		F65333DF29DCC3D4004EEF8C /* TotalFooterView.swift */ = {isa = PBXFileReference; lastKnownFileType = sourcecode.swift; path = TotalFooterView.swift; sourceTree = "<group>"; };
		F65A9A9429FFF9C000244488 /* LessonTypeConfigurationView.swift */ = {isa = PBXFileReference; lastKnownFileType = sourcecode.swift; path = LessonTypeConfigurationView.swift; sourceTree = "<group>"; };
		F65F832026E8F37800B8CC4E /* EmployeesViewModel.swift */ = {isa = PBXFileReference; lastKnownFileType = sourcecode.swift; path = EmployeesViewModel.swift; sourceTree = "<group>"; };
		F6606FD726F93A89002E0B3E /* FavoritesView.swift */ = {isa = PBXFileReference; lastKnownFileType = sourcecode.swift; path = FavoritesView.swift; sourceTree = "<group>"; };
		F666CFD928FF5C71007F9F28 /* EducationWeek.swift */ = {isa = PBXFileReference; lastKnownFileType = sourcecode.swift; path = EducationWeek.swift; sourceTree = "<group>"; };
		F670BEE62A00117700D76D70 /* SpecialityFetch.swift */ = {isa = PBXFileReference; lastKnownFileType = sourcecode.swift; path = SpecialityFetch.swift; sourceTree = "<group>"; };
		F670BEE82A0017F900D76D70 /* URLSessionData.swift */ = {isa = PBXFileReference; lastKnownFileType = sourcecode.swift; path = URLSessionData.swift; sourceTree = "<group>"; };
		F670BEEB2A001BB300D76D70 /* getAll.swift */ = {isa = PBXFileReference; lastKnownFileType = sourcecode.swift; path = getAll.swift; sourceTree = "<group>"; };
		F670BEEE2A001CDA00D76D70 /* EducationTypeExtensions.swift */ = {isa = PBXFileReference; lastKnownFileType = sourcecode.swift; path = EducationTypeExtensions.swift; sourceTree = "<group>"; };
		F671F15529E7489F0086681E /* HeaderView.swift */ = {isa = PBXFileReference; lastKnownFileType = sourcecode.swift; path = HeaderView.swift; sourceTree = "<group>"; };
		F6748DF028DFA2EE0072FB04 /* EducationRanged.swift */ = {isa = PBXFileReference; lastKnownFileType = sourcecode.swift; path = EducationRanged.swift; sourceTree = "<group>"; };
		F6748DF228DFB7C80072FB04 /* Scheduled.swift */ = {isa = PBXFileReference; lastKnownFileType = sourcecode.swift; path = Scheduled.swift; sourceTree = "<group>"; };
		F6794E8829FDBB6D00BEE44A /* HomeView.swift */ = {isa = PBXFileReference; lastKnownFileType = sourcecode.swift; path = HomeView.swift; sourceTree = "<group>"; };
		F67AA4E128FF788400E5A7C4 /* DateExtensions.swift */ = {isa = PBXFileReference; lastKnownFileType = sourcecode.swift; path = DateExtensions.swift; sourceTree = "<group>"; };
		F67AA4E828FF79F200E5A7C4 /* onLoad.swift */ = {isa = PBXFileReference; lastKnownFileType = sourcecode.swift; path = onLoad.swift; sourceTree = "<group>"; };
		F67AA4EC28FF7A3500E5A7C4 /* capitalizingFirstLetter.swift */ = {isa = PBXFileReference; lastKnownFileType = sourcecode.swift; path = capitalizingFirstLetter.swift; sourceTree = "<group>"; };
		F67DF3B3266AA56000D96417 /* Employee+CoreDataClass.swift */ = {isa = PBXFileReference; lastKnownFileType = sourcecode.swift; path = "Employee+CoreDataClass.swift"; sourceTree = "<group>"; };
		F67DF3B4266AA56000D96417 /* Employee+CoreDataProperties.swift */ = {isa = PBXFileReference; lastKnownFileType = sourcecode.swift; path = "Employee+CoreDataProperties.swift"; sourceTree = "<group>"; };
		F67E177C29E5E15F00864712 /* GroupsViewModel.swift */ = {isa = PBXFileReference; lastKnownFileType = sourcecode.swift; path = GroupsViewModel.swift; sourceTree = "<group>"; };
		F68465F926FA5321000F185E /* Faculty+CoreDataClass.swift */ = {isa = PBXFileReference; lastKnownFileType = sourcecode.swift; path = "Faculty+CoreDataClass.swift"; sourceTree = "<group>"; };
		F68465FA26FA5321000F185E /* Faculty+CoreDataProperties.swift */ = {isa = PBXFileReference; lastKnownFileType = sourcecode.swift; path = "Faculty+CoreDataProperties.swift"; sourceTree = "<group>"; };
		F6857C7628F06F4300195388 /* DeveloperView.swift */ = {isa = PBXFileReference; lastKnownFileType = sourcecode.swift; path = DeveloperView.swift; sourceTree = "<group>"; };
		F6857C7828F096CE00195388 /* AuditoriesSection.swift */ = {isa = PBXFileReference; lastKnownFileType = sourcecode.swift; path = AuditoriesSection.swift; sourceTree = "<group>"; };
		F6857C7A28F0B5F800195388 /* FromGroupsView.swift */ = {isa = PBXFileReference; lastKnownFileType = sourcecode.swift; path = FromGroupsView.swift; sourceTree = "<group>"; };
		F687043029FEE25300A3CF0C /* ClosestScheduleView.swift */ = {isa = PBXFileReference; lastKnownFileType = sourcecode.swift; path = ClosestScheduleView.swift; sourceTree = "<group>"; };
		F687043229FEE35E00A3CF0C /* AuditoriumExtensions.swift */ = {isa = PBXFileReference; lastKnownFileType = sourcecode.swift; path = AuditoriumExtensions.swift; sourceTree = "<group>"; };
		F687043429FEE38B00A3CF0C /* AuditoriumFetch.swift */ = {isa = PBXFileReference; lastKnownFileType = sourcecode.swift; path = AuditoriumFetch.swift; sourceTree = "<group>"; };
		F68B4CED284535C000C8DBF6 /* ScheduleSection .swift */ = {isa = PBXFileReference; lastKnownFileType = sourcecode.swift; path = "ScheduleSection .swift"; sourceTree = "<group>"; };
		F68E9CDB2729B57300704EB0 /* AuditoriumView.swift */ = {isa = PBXFileReference; lastKnownFileType = sourcecode.swift; path = AuditoriumView.swift; sourceTree = "<group>"; };
		F68E9CDD2729BB4100704EB0 /* FavoriteGroupView.swift */ = {isa = PBXFileReference; lastKnownFileType = sourcecode.swift; path = FavoriteGroupView.swift; sourceTree = "<group>"; };
		F68E9CEB2729FFE600704EB0 /* SwiftUI.framework */ = {isa = PBXFileReference; lastKnownFileType = wrapper.framework; name = SwiftUI.framework; path = System/Library/Frameworks/SwiftUI.framework; sourceTree = SDKROOT; };
		F69009D326F6958000379A74 /* ScheduleViewModel.swift */ = {isa = PBXFileReference; lastKnownFileType = sourcecode.swift; path = ScheduleViewModel.swift; sourceTree = "<group>"; };
		F691602D29001F290033AE14 /* ScheduleView.swift */ = {isa = PBXFileReference; lastKnownFileType = sourcecode.swift; path = ScheduleView.swift; sourceTree = "<group>"; };
		F691603329002BCD0033AE14 /* ScheduleSectionView.swift */ = {isa = PBXFileReference; lastKnownFileType = sourcecode.swift; path = ScheduleSectionView.swift; sourceTree = "<group>"; };
		F694249D292623EF006FF042 /* FavoriteSectionView.swift */ = {isa = PBXFileReference; lastKnownFileType = sourcecode.swift; path = FavoriteSectionView.swift; sourceTree = "<group>"; };
		F694249F29262426006FF042 /* FavoriteSectionViewModel.swift */ = {isa = PBXFileReference; lastKnownFileType = sourcecode.swift; path = FavoriteSectionViewModel.swift; sourceTree = "<group>"; };
		F695AA3229D835C80051A354 /* AuditoriumType+CoreDataClass.swift */ = {isa = PBXFileReference; lastKnownFileType = sourcecode.swift; path = "AuditoriumType+CoreDataClass.swift"; sourceTree = "<group>"; };
		F695AA3329D835C80051A354 /* AuditoriumType+CoreDataProperties.swift */ = {isa = PBXFileReference; lastKnownFileType = sourcecode.swift; path = "AuditoriumType+CoreDataProperties.swift"; sourceTree = "<group>"; };
		F695AA3829D8439D0051A354 /* Department+CoreDataClass.swift */ = {isa = PBXFileReference; lastKnownFileType = sourcecode.swift; path = "Department+CoreDataClass.swift"; sourceTree = "<group>"; };
		F695AA3929D8439D0051A354 /* Department+CoreDataProperties.swift */ = {isa = PBXFileReference; lastKnownFileType = sourcecode.swift; path = "Department+CoreDataProperties.swift"; sourceTree = "<group>"; };
		F697BF7826FFA1BA008FA7A9 /* AuditoriumDecoder.swift */ = {isa = PBXFileReference; lastKnownFileType = sourcecode.swift; path = AuditoriumDecoder.swift; sourceTree = "<group>"; };
		F697BF7926FFA1BA008FA7A9 /* Auditorium.swift */ = {isa = PBXFileReference; lastKnownFileType = sourcecode.swift; path = Auditorium.swift; sourceTree = "<group>"; };
		F697BF8426FFA960008FA7A9 /* AuditoriesView.swift */ = {isa = PBXFileReference; lastKnownFileType = sourcecode.swift; path = AuditoriesView.swift; sourceTree = "<group>"; };
		F697BF8626FFAA02008FA7A9 /* AuditoriesViewModel.swift */ = {isa = PBXFileReference; lastKnownFileType = sourcecode.swift; path = AuditoriesViewModel.swift; sourceTree = "<group>"; };
		F698C25828D4995000C24EFB /* LessonsRefreshable.swift */ = {isa = PBXFileReference; lastKnownFileType = sourcecode.swift; path = LessonsRefreshable.swift; sourceTree = "<group>"; };
		F69BEF7629FE9F7100A9ED5A /* GroupNavigationLink.swift */ = {isa = PBXFileReference; lastKnownFileType = sourcecode.swift; path = GroupNavigationLink.swift; sourceTree = "<group>"; };
		F69BEF7829FEB01200A9ED5A /* EmplpyeeNavigationLink.swift */ = {isa = PBXFileReference; lastKnownFileType = sourcecode.swift; path = EmplpyeeNavigationLink.swift; sourceTree = "<group>"; };
		F69BEF7A29FEB41900A9ED5A /* AuditoriumNavigationLink.swift */ = {isa = PBXFileReference; lastKnownFileType = sourcecode.swift; path = AuditoriumNavigationLink.swift; sourceTree = "<group>"; };
		F69BEF7C29FEBDF600A9ED5A /* HomeViewGrid.swift */ = {isa = PBXFileReference; lastKnownFileType = sourcecode.swift; path = HomeViewGrid.swift; sourceTree = "<group>"; };
		F69C463626E91B430036D6A1 /* EmployeeDetailedView.swift */ = {isa = PBXFileReference; lastKnownFileType = sourcecode.swift; path = EmployeeDetailedView.swift; sourceTree = "<group>"; };
		F6A1084629E5BB11004BA71F /* GroupExtensions.swift */ = {isa = PBXFileReference; lastKnownFileType = sourcecode.swift; path = GroupExtensions.swift; sourceTree = "<group>"; };
		F6A1084929E5BB47004BA71F /* GroupView.swift */ = {isa = PBXFileReference; lastKnownFileType = sourcecode.swift; path = GroupView.swift; sourceTree = "<group>"; };
		F6A1084C29E5BEE5004BA71F /* GroupsGridView.swift */ = {isa = PBXFileReference; lastKnownFileType = sourcecode.swift; path = GroupsGridView.swift; sourceTree = "<group>"; };
		F6A1084F29E5C123004BA71F /* GroupSectionType.swift */ = {isa = PBXFileReference; lastKnownFileType = sourcecode.swift; path = GroupSectionType.swift; sourceTree = "<group>"; };
		F6A1085129E5C6B5004BA71F /* GroupsSections.swift */ = {isa = PBXFileReference; lastKnownFileType = sourcecode.swift; path = GroupsSections.swift; sourceTree = "<group>"; };
		F6A1085329E5CEA6004BA71F /* GroupsView.swift */ = {isa = PBXFileReference; lastKnownFileType = sourcecode.swift; path = GroupsView.swift; sourceTree = "<group>"; };
		F6A1085529E5D328004BA71F /* SpecialityExtensions.swift */ = {isa = PBXFileReference; lastKnownFileType = sourcecode.swift; path = SpecialityExtensions.swift; sourceTree = "<group>"; };
		F6AFC4612721EC43008CC065 /* ColorRawRepresentable.swift */ = {isa = PBXFileReference; lastKnownFileType = sourcecode.swift; path = ColorRawRepresentable.swift; sourceTree = "<group>"; };
		F6B838E629F8717E006BAA23 /* roundTo.swift */ = {isa = PBXFileReference; lastKnownFileType = sourcecode.swift; path = roundTo.swift; sourceTree = "<group>"; };
		F6BC18A42811D4A100BA549D /* DateFormatters.swift */ = {isa = PBXFileReference; lastKnownFileType = sourcecode.swift; path = DateFormatters.swift; sourceTree = "<group>"; };
		F6BC18A62811E8FD00BA549D /* GroupDetailedView.swift */ = {isa = PBXFileReference; lastKnownFileType = sourcecode.swift; path = GroupDetailedView.swift; sourceTree = "<group>"; };
		F6BF7239272F311900D18ADD /* PhotoPickerView.swift */ = {isa = PBXFileReference; lastKnownFileType = sourcecode.swift; path = PhotoPickerView.swift; sourceTree = "<group>"; };
		F6BF723B272F4F4C00D18ADD /* ImagesView.swift */ = {isa = PBXFileReference; lastKnownFileType = sourcecode.swift; path = ImagesView.swift; sourceTree = "<group>"; };
		F6C0FC9329FF07BB005F2810 /* Playground.playground */ = {isa = PBXFileReference; lastKnownFileType = file.playground; path = Playground.playground; sourceTree = "<group>"; xcLanguageSpecificationIdentifier = xcode.lang.swift; };
		F6C1A33B272AE2E600AD38E1 /* FavoriteEmployeeView.swift */ = {isa = PBXFileReference; lastKnownFileType = sourcecode.swift; path = FavoriteEmployeeView.swift; sourceTree = "<group>"; };
		F6CAAA4529F9C6A700836230 /* ScheduleSectionType.swift */ = {isa = PBXFileReference; fileEncoding = 4; lastKnownFileType = sourcecode.swift; path = ScheduleSectionType.swift; sourceTree = "<group>"; };
		F6CAAA4729F9C96F00836230 /* EducationBounded.swift */ = {isa = PBXFileReference; lastKnownFileType = sourcecode.swift; path = EducationBounded.swift; sourceTree = "<group>"; };
		F6CB615626F000EE00D29807 /* LessonView.swift */ = {isa = PBXFileReference; lastKnownFileType = sourcecode.swift; path = LessonView.swift; sourceTree = "<group>"; };
		F6CF52F428EEBB3B00522C89 /* DecoderUpdatable.swift */ = {isa = PBXFileReference; lastKnownFileType = sourcecode.swift; path = DecoderUpdatable.swift; sourceTree = "<group>"; };
		F6D3C10428E0BAB40055B800 /* WeekDay.swift */ = {isa = PBXFileReference; lastKnownFileType = sourcecode.swift; path = WeekDay.swift; sourceTree = "<group>"; };
		F6D4AAB629BEB5260044481B /* Log.swift */ = {isa = PBXFileReference; lastKnownFileType = sourcecode.swift; path = Log.swift; sourceTree = "<group>"; };
		F6D588CF28E4685B00CB58AC /* FetchDataType.swift */ = {isa = PBXFileReference; fileEncoding = 4; lastKnownFileType = sourcecode.swift; path = FetchDataType.swift; sourceTree = "<group>"; };
		F6DCD72226B30EF0003761B0 /* SettingsView.swift */ = {isa = PBXFileReference; lastKnownFileType = sourcecode.swift; path = SettingsView.swift; sourceTree = "<group>"; };
		F6F87810271A1ED7005E3C41 /* SpecialityDecoder.swift */ = {isa = PBXFileReference; lastKnownFileType = sourcecode.swift; path = SpecialityDecoder.swift; sourceTree = "<group>"; };
		F6F87811271A1ED7005E3C41 /* Speciality.swift */ = {isa = PBXFileReference; lastKnownFileType = sourcecode.swift; path = Speciality.swift; sourceTree = "<group>"; };
		F6F9AC1229F71B930069DD18 /* LessonViewConfiguration.swift */ = {isa = PBXFileReference; lastKnownFileType = sourcecode.swift; path = LessonViewConfiguration.swift; sourceTree = "<group>"; };
/* End PBXFileReference section */

/* Begin PBXFrameworksBuildPhase section */
		F632DEE526696CCB00E4C55F /* Frameworks */ = {
			isa = PBXFrameworksBuildPhase;
			buildActionMask = 2147483647;
			files = (
			);
			runOnlyForDeploymentPostprocessing = 0;
		};
/* End PBXFrameworksBuildPhase section */

/* Begin PBXGroup section */
		F601E5A62731918400773F02 /* Images */ = {
			isa = PBXGroup;
			children = (
				F6BF723B272F4F4C00D18ADD /* ImagesView.swift */,
				F601E5A22730760100773F02 /* ImagesViewModel.swift */,
				F6BF7239272F311900D18ADD /* PhotoPickerView.swift */,
				F601E5A42730B88E00773F02 /* CapturePhotoView.swift */,
			);
			path = Images;
			sourceTree = "<group>";
		};
		F601E5A7273191C300773F02 /* Deprecated */ = {
			isa = PBXGroup;
			children = (
				F6F6B4F726FA5D2700814354 /* Favorite */,
				F667332B280F762C00194EAC /* Task */,
				F601E5A62731918400773F02 /* Images */,
			);
			path = Deprecated;
			sourceTree = "<group>";
		};
		F606AFB029DE36A3007180E6 /* Pickers */ = {
			isa = PBXGroup;
			children = (
				F65309E429DCE1DA001DEC29 /* SectionTypePicker.swift */,
				F65309E629DCED12001DEC29 /* MenuView.swift */,
			);
			path = Pickers;
			sourceTree = "<group>";
		};
		F606AFB129DE36B2007180E6 /* Grids */ = {
			isa = PBXGroup;
			children = (
				F60D44AE29DC68CC0008E4F4 /* SquareGrid.swift */,
				F612D8B329DB812C00D4DDEB /* SquareView.swift */,
			);
			path = Grids;
			sourceTree = "<group>";
		};
		F60D44B029DC691A0008E4F4 /* Generics */ = {
			isa = PBXGroup;
			children = (
				F670BEED2A001BE500D76D70 /* Section */,
			);
			path = Generics;
			sourceTree = "<group>";
		};
		F60D44B329DC74A90008E4F4 /* Auditoriums */ = {
			isa = PBXGroup;
			children = (
				F697BF8626FFAA02008FA7A9 /* AuditoriesViewModel.swift */,
				F697BF8426FFA960008FA7A9 /* AuditoriesView.swift */,
				F612D8B529DB856A00D4DDEB /* AuditoriesGridView.swift */,
				F69BEF7A29FEB41900A9ED5A /* AuditoriumNavigationLink.swift */,
				F68E9CDB2729B57300704EB0 /* AuditoriumView.swift */,
			);
			path = Auditoriums;
			sourceTree = "<group>";
		};
		F60D44B429DC74DB0008E4F4 /* Employees */ = {
			isa = PBXGroup;
			children = (
				F65F832026E8F37800B8CC4E /* EmployeesViewModel.swift */,
				F64AD7AF266A816D00115E6B /* EmployeesView.swift */,
				F613E17329DCCC900054C93E /* EmployeesGridView.swift */,
				F69BEF7829FEB01200A9ED5A /* EmplpyeeNavigationLink.swift */,
				F64BEDD926E9072900C7AD09 /* EmployeeView.swift */,
			);
			path = Employees;
			sourceTree = "<group>";
		};
		F612D8B229DB811600D4DDEB /* View */ = {
			isa = PBXGroup;
			children = (
				F671F15529E7489F0086681E /* HeaderView.swift */,
				F65333DF29DCC3D4004EEF8C /* TotalFooterView.swift */,
				F62FC6A029E8217300F6B941 /* Backgrounds.swift */,
				F6B838E329F8709D006BAA23 /* Modifiers */,
				F643071829E06F0900B3A98A /* Forms */,
				F606AFB129DE36B2007180E6 /* Grids */,
				F606AFB029DE36A3007180E6 /* Pickers */,
				F643070C29DF7DA300B3A98A /* Favorite */,
				F6AFC4612721EC43008CC065 /* ColorRawRepresentable.swift */,
			);
			path = View;
			sourceTree = "<group>";
		};
		F62B37012903198F00FA2BE8 /* Settings */ = {
			isa = PBXGroup;
			children = (
				F6DCD72226B30EF0003761B0 /* SettingsView.swift */,
				F62B3702290319D200FA2BE8 /* SettingsViewModel.swift */,
				F6857C7628F06F4300195388 /* DeveloperView.swift */,
			);
			path = Settings;
			sourceTree = "<group>";
		};
		F62FC6A229E83C6100F6B941 /* Schedule */ = {
			isa = PBXGroup;
			children = (
				F6748DF228DFB7C80072FB04 /* Scheduled.swift */,
				F687043029FEE25300A3CF0C /* ClosestScheduleView.swift */,
				F69009D326F6958000379A74 /* ScheduleViewModel.swift */,
				F691602D29001F290033AE14 /* ScheduleView.swift */,
				F62FC6A929E8405F00F6B941 /* Section */,
				F666CFD928FF5C71007F9F28 /* EducationWeek.swift */,
				F6D3C10428E0BAB40055B800 /* WeekDay.swift */,
				F643070D29DF841100B3A98A /* EducationDated */,
				F6C0810929DF17F800A1B539 /* LessonsRefreshable */,
			);
			path = Schedule;
			sourceTree = "<group>";
		};
		F62FC6A929E8405F00F6B941 /* Section */ = {
			isa = PBXGroup;
			children = (
				F6CAAA4529F9C6A700836230 /* ScheduleSectionType.swift */,
				F68B4CED284535C000C8DBF6 /* ScheduleSection .swift */,
				F691603329002BCD0033AE14 /* ScheduleSectionView.swift */,
			);
			path = Section;
			sourceTree = "<group>";
		};
		F632DEDF26696CCB00E4C55F = {
			isa = PBXGroup;
			children = (
				F632DEEA26696CCB00E4C55F /* bsuirSchedule */,
				F68E9CE82729FFE600704EB0 /* Frameworks */,
				F632DEE926696CCB00E4C55F /* Products */,
			);
			sourceTree = "<group>";
		};
		F632DEE926696CCB00E4C55F /* Products */ = {
			isa = PBXGroup;
			children = (
				F632DEE826696CCB00E4C55F /* bsuirSchedule.app */,
			);
			name = Products;
			sourceTree = "<group>";
		};
		F632DEEA26696CCB00E4C55F /* bsuirSchedule */ = {
			isa = PBXGroup;
			children = (
				F6C0FC9329FF07BB005F2810 /* Playground.playground */,
				F632DEEB26696CCB00E4C55F /* bsuirTimetableApp.swift */,
				F632DEF426696CD300E4C55F /* Persistence.swift */,
				F632DEF626696CD300E4C55F /* bsuirSchedule.xcdatamodeld */,
				F632DEED26696CCB00E4C55F /* ContentView.swift */,
				F6D4AAB629BEB5260044481B /* Log.swift */,
				F643072029E0CC7600B3A98A /* Main */,
				F601E5A7273191C300773F02 /* Deprecated */,
				F643072129E0CCDE00B3A98A /* Other */,
				F632DEEF26696CD300E4C55F /* Assets.xcassets */,
				F632DEF926696CD300E4C55F /* Info.plist */,
			);
			path = bsuirSchedule;
			sourceTree = "<group>";
		};
		F643070C29DF7DA300B3A98A /* Favorite */ = {
			isa = PBXGroup;
			children = (
				F643070A29DF7D8500B3A98A /* Favored.swift */,
				F643070829DF7D6800B3A98A /* FavoriteButton.swift */,
			);
			path = Favorite;
			sourceTree = "<group>";
		};
		F643070D29DF841100B3A98A /* EducationDated */ = {
			isa = PBXGroup;
			children = (
				F6748DF028DFA2EE0072FB04 /* EducationRanged.swift */,
				F6CAAA4729F9C96F00836230 /* EducationBounded.swift */,
				F643071029DF843000B3A98A /* EducationBoundedView.swift */,
			);
			path = EducationDated;
			sourceTree = "<group>";
		};
		F643071829E06F0900B3A98A /* Forms */ = {
			isa = PBXGroup;
			children = (
				F643071429E06D5700B3A98A /* FormView.swift */,
				F643071629E06F0300B3A98A /* FormViewWithAlternativeText.swift */,
			);
			path = Forms;
			sourceTree = "<group>";
		};
		F643071F29E08E3500B3A98A /* EducationType */ = {
			isa = PBXGroup;
			children = (
				F643071C29E08DEA00B3A98A /* EducationType.swift */,
				F643071B29E08DEA00B3A98A /* EducationTypeDecoder.swift */,
				F670BEEE2A001CDA00D76D70 /* EducationTypeExtensions.swift */,
			);
			path = EducationType;
			sourceTree = "<group>";
		};
		F643072029E0CC7600B3A98A /* Main */ = {
			isa = PBXGroup;
			children = (
				F6794E8529FDBB4700BEE44A /* Home */,
				F62FC6A229E83C6100F6B941 /* Schedule */,
				F6BCE3A626EFCF0A0067B5DA /* Lesson */,
				F699F21826EA249E00747BE0 /* Group */,
				F65F831F26E8F35500B8CC4E /* Employee */,
				F697BF7326FFA129008FA7A9 /* Auditorium */,
				F695AA3729D843600051A354 /* Department */,
				F6F87818271A1F36005E3C41 /* Speciality */,
			);
			path = Main;
			sourceTree = "<group>";
		};
		F643072129E0CCDE00B3A98A /* Other */ = {
			isa = PBXGroup;
			children = (
				F62B37012903198F00FA2BE8 /* Settings */,
				F60D44B029DC691A0008E4F4 /* Generics */,
				F67AA4E528FF795A00E5A7C4 /* Extensions */,
				F612D8B229DB811600D4DDEB /* View */,
				F67AA4E028FF779900E5A7C4 /* Fetch */,
			);
			path = Other;
			sourceTree = "<group>";
		};
		F646714F29FF122A004E2953 /* LessonType */ = {
			isa = PBXGroup;
			children = (
				F646714C29FF11F6004E2953 /* LessonType.swift */,
				F646714B29FF11F6004E2953 /* LessonTypeDecoder.swift */,
				F646715029FF1313004E2953 /* LessonTypeExtensions.swift */,
				F65A9A9429FFF9C000244488 /* LessonTypeConfigurationView.swift */,
				F646715429FFDD99004E2953 /* LessonTypesView.swift */,
			);
			name = LessonType;
			path = ../../..;
			sourceTree = "<group>";
		};
		F65F831F26E8F35500B8CC4E /* Employee */ = {
			isa = PBXGroup;
			children = (
				F67DF3B3266AA56000D96417 /* Employee+CoreDataClass.swift */,
				F67DF3B4266AA56000D96417 /* Employee+CoreDataProperties.swift */,
				F69C463626E91B430036D6A1 /* EmployeeDetailedView.swift */,
				F6C0810A29DF180B00A1B539 /* Sections */,
				F60D44B429DC74DB0008E4F4 /* Employees */,
			);
			path = Employee;
			sourceTree = "<group>";
		};
		F667332B280F762C00194EAC /* Task */ = {
			isa = PBXGroup;
			children = (
				F63FC6BC272F01E900C9F410 /* TaskDetailedView.swift */,
				F601E5A82731AA3900773F02 /* TaskViewModel.swift */,
			);
			path = Task;
			sourceTree = "<group>";
		};
		F670BEEA2A001B9500D76D70 /* NSManagedObject */ = {
			isa = PBXGroup;
			children = (
				F670BEEB2A001BB300D76D70 /* getAll.swift */,
			);
			path = NSManagedObject;
			sourceTree = "<group>";
		};
		F670BEED2A001BE500D76D70 /* Section */ = {
			isa = PBXGroup;
			children = (
				F60D44B129DC693F0008E4F4 /* NSManagedObjectsSection.swift */,
				F613E17529DCD8C60054C93E /* SectionType.swift */,
				F643071229DFABF700B3A98A /* SequenceSections.swift */,
			);
			path = Section;
			sourceTree = "<group>";
		};
		F6794E8529FDBB4700BEE44A /* Home */ = {
			isa = PBXGroup;
			children = (
				F6794E8829FDBB6D00BEE44A /* HomeView.swift */,
				F69BEF7C29FEBDF600A9ED5A /* HomeViewGrid.swift */,
			);
			path = Home;
			sourceTree = "<group>";
		};
		F67AA4E028FF779900E5A7C4 /* Fetch */ = {
			isa = PBXGroup;
			children = (
				F6D588CF28E4685B00CB58AC /* FetchDataType.swift */,
				F670BEE82A0017F900D76D70 /* URLSessionData.swift */,
				F6CF52F428EEBB3B00522C89 /* DecoderUpdatable.swift */,
			);
			path = Fetch;
			sourceTree = "<group>";
		};
		F67AA4E528FF795A00E5A7C4 /* Extensions */ = {
			isa = PBXGroup;
			children = (
				F69424A1292789E0006FF042 /* Date (rewrite) */,
				F6B838E529F87166006BAA23 /* Double */,
				F6B838E429F87153006BAA23 /* String */,
				F670BEEA2A001B9500D76D70 /* NSManagedObject */,
			);
			path = Extensions;
			sourceTree = "<group>";
		};
		F68465F826FA52E8000F185E /* Faculty */ = {
			isa = PBXGroup;
			children = (
				F68465F926FA5321000F185E /* Faculty+CoreDataClass.swift */,
				F68465FA26FA5321000F185E /* Faculty+CoreDataProperties.swift */,
			);
			path = Faculty;
			sourceTree = "<group>";
		};
		F68E9CE82729FFE600704EB0 /* Frameworks */ = {
			isa = PBXGroup;
			children = (
				F68E9CEB2729FFE600704EB0 /* SwiftUI.framework */,
			);
			name = Frameworks;
			sourceTree = "<group>";
		};
		F69424A1292789E0006FF042 /* Date (rewrite) */ = {
			isa = PBXGroup;
			children = (
				F67AA4E128FF788400E5A7C4 /* DateExtensions.swift */,
				F6BC18A42811D4A100BA549D /* DateFormatters.swift */,
			);
			path = "Date (rewrite)";
			sourceTree = "<group>";
		};
		F695AA3629D835FF0051A354 /* AuditoriumType */ = {
			isa = PBXGroup;
			children = (
				F695AA3229D835C80051A354 /* AuditoriumType+CoreDataClass.swift */,
				F695AA3329D835C80051A354 /* AuditoriumType+CoreDataProperties.swift */,
			);
			path = AuditoriumType;
			sourceTree = "<group>";
		};
		F695AA3729D843600051A354 /* Department */ = {
			isa = PBXGroup;
			children = (
				F695AA3829D8439D0051A354 /* Department+CoreDataClass.swift */,
				F695AA3929D8439D0051A354 /* Department+CoreDataProperties.swift */,
			);
			path = Department;
			sourceTree = "<group>";
		};
		F697BF7326FFA129008FA7A9 /* Auditorium */ = {
			isa = PBXGroup;
			children = (
				F697BF7926FFA1BA008FA7A9 /* Auditorium.swift */,
				F697BF7826FFA1BA008FA7A9 /* AuditoriumDecoder.swift */,
				F687043429FEE38B00A3CF0C /* AuditoriumFetch.swift */,
				F687043229FEE35E00A3CF0C /* AuditoriumExtensions.swift */,
				F614250B271B7EFF006C3CE1 /* AuditoriumDetailedView.swift */,
				F6A1084B29E5BEBD004BA71F /* Sections */,
				F60D44B329DC74A90008E4F4 /* Auditoriums */,
				F695AA3629D835FF0051A354 /* AuditoriumType */,
			);
			path = Auditorium;
			sourceTree = "<group>";
		};
		F699F21826EA249E00747BE0 /* Group */ = {
			isa = PBXGroup;
			children = (
				F61C523C26E64619002CF234 /* Group+CoreDataClass.swift */,
				F61C523D26E64619002CF234 /* Group+CoreDataProperties.swift */,
				F6A1084629E5BB11004BA71F /* GroupExtensions.swift */,
				F62F764529E201C800959225 /* EducationDegree.swift */,
				F61915B628465F2100A98101 /* GroupViewModel.swift */,
				F6BC18A62811E8FD00BA549D /* GroupDetailedView.swift */,
				F6A1084E29E5C0B1004BA71F /* Sections */,
				F6A1084829E5BB31004BA71F /* Groups */,
			);
			path = Group;
			sourceTree = "<group>";
		};
		F6A1084829E5BB31004BA71F /* Groups */ = {
			isa = PBXGroup;
			children = (
				F67E177C29E5E15F00864712 /* GroupsViewModel.swift */,
				F6A1085329E5CEA6004BA71F /* GroupsView.swift */,
				F6A1084C29E5BEE5004BA71F /* GroupsGridView.swift */,
				F69BEF7629FE9F7100A9ED5A /* GroupNavigationLink.swift */,
				F6A1084929E5BB47004BA71F /* GroupView.swift */,
				F6857C7A28F0B5F800195388 /* FromGroupsView.swift */,
				F624A3442913B85500E8CB5B /* FromGroupView.swift */,
			);
			path = Groups;
			sourceTree = "<group>";
		};
		F6A1084B29E5BEBD004BA71F /* Sections */ = {
			isa = PBXGroup;
			children = (
				F6857C7828F096CE00195388 /* AuditoriesSection.swift */,
				F60D44B729DC753B0008E4F4 /* AuditoriumSectionType.swift */,
			);
			path = Sections;
			sourceTree = "<group>";
		};
		F6A1084E29E5C0B1004BA71F /* Sections */ = {
			isa = PBXGroup;
			children = (
				F6A1085129E5C6B5004BA71F /* GroupsSections.swift */,
				F6A1084F29E5C123004BA71F /* GroupSectionType.swift */,
			);
			path = Sections;
			sourceTree = "<group>";
		};
		F6B838E329F8709D006BAA23 /* Modifiers */ = {
			isa = PBXGroup;
			children = (
				F67AA4E828FF79F200E5A7C4 /* onLoad.swift */,
			);
			path = Modifiers;
			sourceTree = "<group>";
		};
		F6B838E429F87153006BAA23 /* String */ = {
			isa = PBXGroup;
			children = (
				F67AA4EC28FF7A3500E5A7C4 /* capitalizingFirstLetter.swift */,
			);
			path = String;
			sourceTree = "<group>";
		};
		F6B838E529F87166006BAA23 /* Double */ = {
			isa = PBXGroup;
			children = (
				F6B838E629F8717E006BAA23 /* roundTo.swift */,
			);
			path = Double;
			sourceTree = "<group>";
		};
		F6BCE3A626EFCF0A0067B5DA /* Lesson */ = {
			isa = PBXGroup;
			children = (
				F61C523B26E64619002CF234 /* Lesson.swift */,
				F61C523A26E64619002CF234 /* LessonDecoder.swift */,
				F646715229FF1B93004E2953 /* LessonExtensions.swift */,
				F6F9AC1229F71B930069DD18 /* LessonViewConfiguration.swift */,
				F6CB615626F000EE00D29807 /* LessonView.swift */,
				F646714F29FF122A004E2953 /* LessonType */,
			);
			path = Lesson;
			sourceTree = "<group>";
		};
		F6C0810929DF17F800A1B539 /* LessonsRefreshable */ = {
			isa = PBXGroup;
			children = (
				F61915B828465F4600A98101 /* LastUpdateDate.swift */,
				F698C25828D4995000C24EFB /* LessonsRefreshable.swift */,
				F62F764729E21A6400959225 /* LessonsRefreshableView.swift */,
			);
			path = LessonsRefreshable;
			sourceTree = "<group>";
		};
		F6C0810A29DF180B00A1B539 /* Sections */ = {
			isa = PBXGroup;
			children = (
				F60D44B529DC74F50008E4F4 /* EmployeesSections.swift */,
				F60D44B929DC75710008E4F4 /* EmployeeSectionType.swift */,
			);
			path = Sections;
			sourceTree = "<group>";
		};
		F6F6B4F726FA5D2700814354 /* Favorite */ = {
			isa = PBXGroup;
			children = (
				F6606FD726F93A89002E0B3E /* FavoritesView.swift */,
				F694249D292623EF006FF042 /* FavoriteSectionView.swift */,
				F694249F29262426006FF042 /* FavoriteSectionViewModel.swift */,
				F601E5AA2731E29600773F02 /* TaskView.swift */,
				F68E9CDD2729BB4100704EB0 /* FavoriteGroupView.swift */,
				F6C1A33B272AE2E600AD38E1 /* FavoriteEmployeeView.swift */,
			);
			path = Favorite;
			sourceTree = "<group>";
		};
		F6F87818271A1F36005E3C41 /* Speciality */ = {
			isa = PBXGroup;
			children = (
				F6F87811271A1ED7005E3C41 /* Speciality.swift */,
				F6F87810271A1ED7005E3C41 /* SpecialityDecoder.swift */,
				F670BEE62A00117700D76D70 /* SpecialityFetch.swift */,
				F6A1085529E5D328004BA71F /* SpecialityExtensions.swift */,
				F643071F29E08E3500B3A98A /* EducationType */,
				F68465F826FA52E8000F185E /* Faculty */,
			);
			path = Speciality;
			sourceTree = "<group>";
		};
/* End PBXGroup section */

/* Begin PBXNativeTarget section */
		F632DEE726696CCB00E4C55F /* bsuirSchedule */ = {
			isa = PBXNativeTarget;
			buildConfigurationList = F632DEFC26696CD300E4C55F /* Build configuration list for PBXNativeTarget "bsuirSchedule" */;
			buildPhases = (
				F632DEE426696CCB00E4C55F /* Sources */,
				F632DEE526696CCB00E4C55F /* Frameworks */,
				F632DEE626696CCB00E4C55F /* Resources */,
				F68E9CFC2729FFEA00704EB0 /* Embed Foundation Extensions */,
			);
			buildRules = (
			);
			dependencies = (
			);
			name = bsuirSchedule;
			productName = bsuirTimetable;
			productReference = F632DEE826696CCB00E4C55F /* bsuirSchedule.app */;
			productType = "com.apple.product-type.application";
		};
/* End PBXNativeTarget section */

/* Begin PBXProject section */
		F632DEE026696CCB00E4C55F /* Project object */ = {
			isa = PBXProject;
			attributes = {
				LastSwiftUpdateCheck = 1300;
				LastUpgradeCheck = 1430;
				TargetAttributes = {
					F632DEE726696CCB00E4C55F = {
						CreatedOnToolsVersion = 12.5;
					};
				};
			};
			buildConfigurationList = F632DEE326696CCB00E4C55F /* Build configuration list for PBXProject "bsuirSchedule" */;
			compatibilityVersion = "Xcode 9.3";
			developmentRegion = ru;
			hasScannedForEncodings = 0;
			knownRegions = (
				en,
				ru,
				Base,
			);
			mainGroup = F632DEDF26696CCB00E4C55F;
			productRefGroup = F632DEE926696CCB00E4C55F /* Products */;
			projectDirPath = "";
			projectRoot = "";
			targets = (
				F632DEE726696CCB00E4C55F /* bsuirSchedule */,
			);
		};
/* End PBXProject section */

/* Begin PBXResourcesBuildPhase section */
		F632DEE626696CCB00E4C55F /* Resources */ = {
			isa = PBXResourcesBuildPhase;
			buildActionMask = 2147483647;
			files = (
				F632DEF026696CD300E4C55F /* Assets.xcassets in Resources */,
			);
			runOnlyForDeploymentPostprocessing = 0;
		};
/* End PBXResourcesBuildPhase section */

/* Begin PBXSourcesBuildPhase section */
		F632DEE426696CCB00E4C55F /* Sources */ = {
			isa = PBXSourcesBuildPhase;
			buildActionMask = 2147483647;
			files = (
				F60D44BA29DC75710008E4F4 /* EmployeeSectionType.swift in Sources */,
				F68465FB26FA5321000F185E /* Faculty+CoreDataClass.swift in Sources */,
				F6CAAA4829F9C96F00836230 /* EducationBounded.swift in Sources */,
				F68465FC26FA5321000F185E /* Faculty+CoreDataProperties.swift in Sources */,
				F60D44AF29DC68CC0008E4F4 /* SquareGrid.swift in Sources */,
				F695AA3A29D8439D0051A354 /* Department+CoreDataClass.swift in Sources */,
				F65309E729DCED12001DEC29 /* MenuView.swift in Sources */,
				F65A9A9529FFF9C000244488 /* LessonTypeConfigurationView.swift in Sources */,
				F670BEE92A0017F900D76D70 /* URLSessionData.swift in Sources */,
				F6F9AC1329F71B930069DD18 /* LessonViewConfiguration.swift in Sources */,
				F695AA3B29D8439D0051A354 /* Department+CoreDataProperties.swift in Sources */,
				F697BF8526FFA960008FA7A9 /* AuditoriesView.swift in Sources */,
				F6857C7B28F0B5F800195388 /* FromGroupsView.swift in Sources */,
				F6F87816271A1ED7005E3C41 /* SpecialityDecoder.swift in Sources */,
				F646714D29FF11F6004E2953 /* LessonTypeDecoder.swift in Sources */,
				F60D44B629DC74F50008E4F4 /* EmployeesSections.swift in Sources */,
				F62F764629E201C800959225 /* EducationDegree.swift in Sources */,
				F601E5A52730B88F00773F02 /* CapturePhotoView.swift in Sources */,
				F646715529FFDD99004E2953 /* LessonTypesView.swift in Sources */,
				F6D3C10528E0BAB40055B800 /* WeekDay.swift in Sources */,
				F632DEF526696CD300E4C55F /* Persistence.swift in Sources */,
				F69BEF7929FEB01200A9ED5A /* EmplpyeeNavigationLink.swift in Sources */,
				F67E177D29E5E15F00864712 /* GroupsViewModel.swift in Sources */,
				F62FC6A129E8217300F6B941 /* Backgrounds.swift in Sources */,
				F670BEEC2A001BB300D76D70 /* getAll.swift in Sources */,
				F6857C7928F096CE00195388 /* AuditoriesSection.swift in Sources */,
				F632DEEE26696CCB00E4C55F /* ContentView.swift in Sources */,
				F6B838E729F8717E006BAA23 /* roundTo.swift in Sources */,
				F62B3703290319D200FA2BE8 /* SettingsViewModel.swift in Sources */,
				F687043129FEE25300A3CF0C /* ClosestScheduleView.swift in Sources */,
				F61C524026E64619002CF234 /* Group+CoreDataClass.swift in Sources */,
				F643070B29DF7D8500B3A98A /* Favored.swift in Sources */,
				F687043329FEE35E00A3CF0C /* AuditoriumExtensions.swift in Sources */,
				F666CFDA28FF5C71007F9F28 /* EducationWeek.swift in Sources */,
				F643071E29E08DEA00B3A98A /* EducationType.swift in Sources */,
				F697BF7D26FFA1BA008FA7A9 /* Auditorium.swift in Sources */,
				F643071529E06D5700B3A98A /* FormView.swift in Sources */,
				F6A1084729E5BB11004BA71F /* GroupExtensions.swift in Sources */,
				F65309E529DCE1DA001DEC29 /* SectionTypePicker.swift in Sources */,
				F613E17429DCCC900054C93E /* EmployeesGridView.swift in Sources */,
				F624A3452913B85500E8CB5B /* FromGroupView.swift in Sources */,
				F6606FD826F93A89002E0B3E /* FavoritesView.swift in Sources */,
				F6CB615726F000EE00D29807 /* LessonView.swift in Sources */,
				F68E9CDC2729B57400704EB0 /* AuditoriumView.swift in Sources */,
				F63FC6BD272F01EA00C9F410 /* TaskDetailedView.swift in Sources */,
				F61C523F26E64619002CF234 /* Lesson.swift in Sources */,
				F6BC18A52811D4A100BA549D /* DateFormatters.swift in Sources */,
				F6CF52F528EEBB3B00522C89 /* DecoderUpdatable.swift in Sources */,
				F67DF3B5266AA56000D96417 /* Employee+CoreDataClass.swift in Sources */,
				F6748DF128DFA2EE0072FB04 /* EducationRanged.swift in Sources */,
				F6BC18A72811E8FE00BA549D /* GroupDetailedView.swift in Sources */,
				F69BEF7D29FEBDF600A9ED5A /* HomeViewGrid.swift in Sources */,
				F61915B728465F2100A98101 /* GroupViewModel.swift in Sources */,
				F697BF8726FFAA02008FA7A9 /* AuditoriesViewModel.swift in Sources */,
				F61C524126E64619002CF234 /* Group+CoreDataProperties.swift in Sources */,
				F65F832126E8F37800B8CC4E /* EmployeesViewModel.swift in Sources */,
				F6A1084D29E5BEE5004BA71F /* GroupsGridView.swift in Sources */,
				F6857C7728F06F4300195388 /* DeveloperView.swift in Sources */,
				F61915B928465F4600A98101 /* LastUpdateDate.swift in Sources */,
				F695AA3429D835C80051A354 /* AuditoriumType+CoreDataClass.swift in Sources */,
				F6BF723C272F4F4C00D18ADD /* ImagesView.swift in Sources */,
				F6A1085629E5D328004BA71F /* SpecialityExtensions.swift in Sources */,
				F643071D29E08DEA00B3A98A /* EducationTypeDecoder.swift in Sources */,
				F691602E29001F290033AE14 /* ScheduleView.swift in Sources */,
				F6F87817271A1ED7005E3C41 /* Speciality.swift in Sources */,
				F68B4CEE284535C000C8DBF6 /* ScheduleSection .swift in Sources */,
				F6CAAA4629F9C6A700836230 /* ScheduleSectionType.swift in Sources */,
				F61C523E26E64619002CF234 /* LessonDecoder.swift in Sources */,
				F69009D426F6958100379A74 /* ScheduleViewModel.swift in Sources */,
				F6A1085229E5C6B5004BA71F /* GroupsSections.swift in Sources */,
				F69424A029262426006FF042 /* FavoriteSectionViewModel.swift in Sources */,
				F67DF3B6266AA56000D96417 /* Employee+CoreDataProperties.swift in Sources */,
				F6C1A33C272AE2E700AD38E1 /* FavoriteEmployeeView.swift in Sources */,
				F6A1085429E5CEA7004BA71F /* GroupsView.swift in Sources */,
				F670BEE72A00117700D76D70 /* SpecialityFetch.swift in Sources */,
				F69C463726E91B430036D6A1 /* EmployeeDetailedView.swift in Sources */,
				F6748DF328DFB7C80072FB04 /* Scheduled.swift in Sources */,
				F612D8B629DB856A00D4DDEB /* AuditoriesGridView.swift in Sources */,
				F646715129FF1313004E2953 /* LessonTypeExtensions.swift in Sources */,
				F695AA3529D835C80051A354 /* AuditoriumType+CoreDataProperties.swift in Sources */,
				F6DCD72326B30EF0003761B0 /* SettingsView.swift in Sources */,
				F646715329FF1B93004E2953 /* LessonExtensions.swift in Sources */,
				F643071329DFABF700B3A98A /* SequenceSections.swift in Sources */,
				F694249E292623EF006FF042 /* FavoriteSectionView.swift in Sources */,
				F6AFC4622721EC43008CC065 /* ColorRawRepresentable.swift in Sources */,
				F6A1084A29E5BB47004BA71F /* GroupView.swift in Sources */,
				F6D4AAB729BEB5260044481B /* Log.swift in Sources */,
				F612D8B429DB812C00D4DDEB /* SquareView.swift in Sources */,
				F60D44B829DC753B0008E4F4 /* AuditoriumSectionType.swift in Sources */,
				F64AD7B0266A816D00115E6B /* EmployeesView.swift in Sources */,
				F67AA4E228FF788400E5A7C4 /* DateExtensions.swift in Sources */,
				F698C25928D4995000C24EFB /* LessonsRefreshable.swift in Sources */,
				F643071729E06F0300B3A98A /* FormViewWithAlternativeText.swift in Sources */,
				F6794E8929FDBB6D00BEE44A /* HomeView.swift in Sources */,
				F60D44B229DC693F0008E4F4 /* NSManagedObjectsSection.swift in Sources */,
				F6A1085029E5C123004BA71F /* GroupSectionType.swift in Sources */,
				F687043529FEE38B00A3CF0C /* AuditoriumFetch.swift in Sources */,
				F601E5A92731AA3900773F02 /* TaskViewModel.swift in Sources */,
				F601E5A32730760100773F02 /* ImagesViewModel.swift in Sources */,
				F69BEF7B29FEB41900A9ED5A /* AuditoriumNavigationLink.swift in Sources */,
				F614250C271B7EFF006C3CE1 /* AuditoriumDetailedView.swift in Sources */,
				F6D588D128E4685B00CB58AC /* FetchDataType.swift in Sources */,
				F69BEF7729FE9F7100A9ED5A /* GroupNavigationLink.swift in Sources */,
				F697BF7C26FFA1BA008FA7A9 /* AuditoriumDecoder.swift in Sources */,
				F6BF723A272F311A00D18ADD /* PhotoPickerView.swift in Sources */,
				F691603429002BCD0033AE14 /* ScheduleSectionView.swift in Sources */,
				F632DEEC26696CCB00E4C55F /* bsuirTimetableApp.swift in Sources */,
				F62F764829E21A6400959225 /* LessonsRefreshableView.swift in Sources */,
				F67AA4E928FF79F200E5A7C4 /* onLoad.swift in Sources */,
				F670BEEF2A001CDA00D76D70 /* EducationTypeExtensions.swift in Sources */,
				F64BEDDA26E9072900C7AD09 /* EmployeeView.swift in Sources */,
				F643071129DF843000B3A98A /* EducationBoundedView.swift in Sources */,
				F646714E29FF11F6004E2953 /* LessonType.swift in Sources */,
				F67AA4ED28FF7A3500E5A7C4 /* capitalizingFirstLetter.swift in Sources */,
				F671F15629E7489F0086681E /* HeaderView.swift in Sources */,
				F68E9CDE2729BB4100704EB0 /* FavoriteGroupView.swift in Sources */,
				F601E5AB2731E29600773F02 /* TaskView.swift in Sources */,
				F613E17629DCD8C60054C93E /* SectionType.swift in Sources */,
				F65333E029DCC3D4004EEF8C /* TotalFooterView.swift in Sources */,
				F632DEF826696CD300E4C55F /* bsuirSchedule.xcdatamodeld in Sources */,
				F643070929DF7D6800B3A98A /* FavoriteButton.swift in Sources */,
			);
			runOnlyForDeploymentPostprocessing = 0;
		};
/* End PBXSourcesBuildPhase section */

/* Begin XCBuildConfiguration section */
		F632DEFA26696CD300E4C55F /* Debug */ = {
			isa = XCBuildConfiguration;
			buildSettings = {
				ALWAYS_SEARCH_USER_PATHS = NO;
				CLANG_ANALYZER_LOCALIZABILITY_NONLOCALIZED = YES;
				CLANG_ANALYZER_NONNULL = YES;
				CLANG_ANALYZER_NUMBER_OBJECT_CONVERSION = YES_AGGRESSIVE;
				CLANG_CXX_LANGUAGE_STANDARD = "gnu++14";
				CLANG_CXX_LIBRARY = "libc++";
				CLANG_ENABLE_MODULES = YES;
				CLANG_ENABLE_OBJC_ARC = YES;
				CLANG_ENABLE_OBJC_WEAK = YES;
				CLANG_WARN_BLOCK_CAPTURE_AUTORELEASING = YES;
				CLANG_WARN_BOOL_CONVERSION = YES;
				CLANG_WARN_COMMA = YES;
				CLANG_WARN_CONSTANT_CONVERSION = YES;
				CLANG_WARN_DEPRECATED_OBJC_IMPLEMENTATIONS = YES;
				CLANG_WARN_DIRECT_OBJC_ISA_USAGE = YES_ERROR;
				CLANG_WARN_DOCUMENTATION_COMMENTS = YES;
				CLANG_WARN_EMPTY_BODY = YES;
				CLANG_WARN_ENUM_CONVERSION = YES;
				CLANG_WARN_INFINITE_RECURSION = YES;
				CLANG_WARN_INT_CONVERSION = YES;
				CLANG_WARN_NON_LITERAL_NULL_CONVERSION = YES;
				CLANG_WARN_OBJC_IMPLICIT_RETAIN_SELF = YES;
				CLANG_WARN_OBJC_LITERAL_CONVERSION = YES;
				CLANG_WARN_OBJC_ROOT_CLASS = YES_ERROR;
				CLANG_WARN_QUOTED_INCLUDE_IN_FRAMEWORK_HEADER = YES;
				CLANG_WARN_RANGE_LOOP_ANALYSIS = YES;
				CLANG_WARN_STRICT_PROTOTYPES = YES;
				CLANG_WARN_SUSPICIOUS_MOVE = YES;
				CLANG_WARN_UNGUARDED_AVAILABILITY = YES_AGGRESSIVE;
				CLANG_WARN_UNREACHABLE_CODE = YES;
				CLANG_WARN__DUPLICATE_METHOD_MATCH = YES;
				COPY_PHASE_STRIP = NO;
				DEBUG_INFORMATION_FORMAT = dwarf;
				ENABLE_STRICT_OBJC_MSGSEND = YES;
				ENABLE_TESTABILITY = YES;
				GCC_C_LANGUAGE_STANDARD = gnu11;
				GCC_DYNAMIC_NO_PIC = NO;
				GCC_NO_COMMON_BLOCKS = YES;
				GCC_OPTIMIZATION_LEVEL = 0;
				GCC_PREPROCESSOR_DEFINITIONS = (
					"DEBUG=1",
					"$(inherited)",
				);
				GCC_WARN_64_TO_32_BIT_CONVERSION = YES;
				GCC_WARN_ABOUT_RETURN_TYPE = YES_ERROR;
				GCC_WARN_UNDECLARED_SELECTOR = YES;
				GCC_WARN_UNINITIALIZED_AUTOS = YES_AGGRESSIVE;
				GCC_WARN_UNUSED_FUNCTION = YES;
				GCC_WARN_UNUSED_VARIABLE = YES;
				IPHONEOS_DEPLOYMENT_TARGET = 16.0;
				MTL_ENABLE_DEBUG_INFO = INCLUDE_SOURCE;
				MTL_FAST_MATH = YES;
				ONLY_ACTIVE_ARCH = YES;
				OTHER_SWIFT_FLAGS = "";
				"OTHER_SWIFT_FLAGS[arch=*]" = "-Xfrontend -warn-long-function-bodies=500 -Xfrontend -warn-long-expression-type-checking=500";
				SDKROOT = iphoneos;
				SWIFT_ACTIVE_COMPILATION_CONDITIONS = DEBUG;
				SWIFT_COMPILATION_MODE = singlefile;
				SWIFT_OPTIMIZATION_LEVEL = "-Onone";
			};
			name = Debug;
		};
		F632DEFB26696CD300E4C55F /* Release */ = {
			isa = XCBuildConfiguration;
			buildSettings = {
				ALWAYS_SEARCH_USER_PATHS = NO;
				CLANG_ANALYZER_LOCALIZABILITY_NONLOCALIZED = YES;
				CLANG_ANALYZER_NONNULL = YES;
				CLANG_ANALYZER_NUMBER_OBJECT_CONVERSION = YES_AGGRESSIVE;
				CLANG_CXX_LANGUAGE_STANDARD = "gnu++14";
				CLANG_CXX_LIBRARY = "libc++";
				CLANG_ENABLE_MODULES = YES;
				CLANG_ENABLE_OBJC_ARC = YES;
				CLANG_ENABLE_OBJC_WEAK = YES;
				CLANG_WARN_BLOCK_CAPTURE_AUTORELEASING = YES;
				CLANG_WARN_BOOL_CONVERSION = YES;
				CLANG_WARN_COMMA = YES;
				CLANG_WARN_CONSTANT_CONVERSION = YES;
				CLANG_WARN_DEPRECATED_OBJC_IMPLEMENTATIONS = YES;
				CLANG_WARN_DIRECT_OBJC_ISA_USAGE = YES_ERROR;
				CLANG_WARN_DOCUMENTATION_COMMENTS = YES;
				CLANG_WARN_EMPTY_BODY = YES;
				CLANG_WARN_ENUM_CONVERSION = YES;
				CLANG_WARN_INFINITE_RECURSION = YES;
				CLANG_WARN_INT_CONVERSION = YES;
				CLANG_WARN_NON_LITERAL_NULL_CONVERSION = YES;
				CLANG_WARN_OBJC_IMPLICIT_RETAIN_SELF = YES;
				CLANG_WARN_OBJC_LITERAL_CONVERSION = YES;
				CLANG_WARN_OBJC_ROOT_CLASS = YES_ERROR;
				CLANG_WARN_QUOTED_INCLUDE_IN_FRAMEWORK_HEADER = YES;
				CLANG_WARN_RANGE_LOOP_ANALYSIS = YES;
				CLANG_WARN_STRICT_PROTOTYPES = YES;
				CLANG_WARN_SUSPICIOUS_MOVE = YES;
				CLANG_WARN_UNGUARDED_AVAILABILITY = YES_AGGRESSIVE;
				CLANG_WARN_UNREACHABLE_CODE = YES;
				CLANG_WARN__DUPLICATE_METHOD_MATCH = YES;
				COPY_PHASE_STRIP = NO;
				DEBUG_INFORMATION_FORMAT = "dwarf-with-dsym";
				ENABLE_NS_ASSERTIONS = NO;
				ENABLE_STRICT_OBJC_MSGSEND = YES;
				GCC_C_LANGUAGE_STANDARD = gnu11;
				GCC_NO_COMMON_BLOCKS = YES;
				GCC_WARN_64_TO_32_BIT_CONVERSION = YES;
				GCC_WARN_ABOUT_RETURN_TYPE = YES_ERROR;
				GCC_WARN_UNDECLARED_SELECTOR = YES;
				GCC_WARN_UNINITIALIZED_AUTOS = YES_AGGRESSIVE;
				GCC_WARN_UNUSED_FUNCTION = YES;
				GCC_WARN_UNUSED_VARIABLE = YES;
				IPHONEOS_DEPLOYMENT_TARGET = 16.0;
				MTL_ENABLE_DEBUG_INFO = NO;
				MTL_FAST_MATH = YES;
				OTHER_SWIFT_FLAGS = "";
				SDKROOT = iphoneos;
				SWIFT_COMPILATION_MODE = wholemodule;
				SWIFT_OPTIMIZATION_LEVEL = "-O";
				VALIDATE_PRODUCT = YES;
			};
			name = Release;
		};
		F632DEFD26696CD300E4C55F /* Debug */ = {
			isa = XCBuildConfiguration;
			buildSettings = {
				ASSETCATALOG_COMPILER_APPICON_NAME = AppIcon;
				ASSETCATALOG_COMPILER_GLOBAL_ACCENT_COLOR_NAME = AccentColor;
				ASSETCATALOG_COMPILER_INCLUDE_ALL_APPICON_ASSETS = NO;
				CLANG_USE_OPTIMIZATION_PROFILE = YES;
				CODE_SIGN_IDENTITY = "Apple Development";
				CODE_SIGN_STYLE = Automatic;
				DEVELOPMENT_TEAM = L4638VTQ6Z;
				ENABLE_PREVIEWS = YES;
				INFOPLIST_FILE = bsuirSchedule/Info.plist;
				IPHONEOS_DEPLOYMENT_TARGET = 16.0;
				LD_RUNPATH_SEARCH_PATHS = (
					"$(inherited)",
					"@executable_path/Frameworks",
				);
				MARKETING_VERSION = 0.1;
				PRODUCT_BUNDLE_IDENTIFIER = andrejHurynovic.bsuirSchedule;
				PRODUCT_NAME = "$(TARGET_NAME)";
				PROVISIONING_PROFILE_SPECIFIER = "";
				SWIFT_VERSION = 5.0;
				TARGETED_DEVICE_FAMILY = "1,2";
			};
			name = Debug;
		};
		F632DEFE26696CD300E4C55F /* Release */ = {
			isa = XCBuildConfiguration;
			buildSettings = {
				ASSETCATALOG_COMPILER_APPICON_NAME = AppIcon;
				ASSETCATALOG_COMPILER_GLOBAL_ACCENT_COLOR_NAME = AccentColor;
				ASSETCATALOG_COMPILER_INCLUDE_ALL_APPICON_ASSETS = NO;
				CLANG_USE_OPTIMIZATION_PROFILE = YES;
				CODE_SIGN_IDENTITY = "Apple Development";
				CODE_SIGN_STYLE = Automatic;
				DEVELOPMENT_TEAM = L4638VTQ6Z;
				ENABLE_PREVIEWS = YES;
				INFOPLIST_FILE = bsuirSchedule/Info.plist;
				IPHONEOS_DEPLOYMENT_TARGET = 16.0;
				LD_RUNPATH_SEARCH_PATHS = (
					"$(inherited)",
					"@executable_path/Frameworks",
				);
				MARKETING_VERSION = 0.1;
				PRODUCT_BUNDLE_IDENTIFIER = andrejHurynovic.bsuirSchedule;
				PRODUCT_NAME = "$(TARGET_NAME)";
				PROVISIONING_PROFILE_SPECIFIER = "";
				SWIFT_VERSION = 5.0;
				TARGETED_DEVICE_FAMILY = "1,2";
			};
			name = Release;
		};
/* End XCBuildConfiguration section */

/* Begin XCConfigurationList section */
		F632DEE326696CCB00E4C55F /* Build configuration list for PBXProject "bsuirSchedule" */ = {
			isa = XCConfigurationList;
			buildConfigurations = (
				F632DEFA26696CD300E4C55F /* Debug */,
				F632DEFB26696CD300E4C55F /* Release */,
			);
			defaultConfigurationIsVisible = 0;
			defaultConfigurationName = Debug;
		};
		F632DEFC26696CD300E4C55F /* Build configuration list for PBXNativeTarget "bsuirSchedule" */ = {
			isa = XCConfigurationList;
			buildConfigurations = (
				F632DEFD26696CD300E4C55F /* Debug */,
				F632DEFE26696CD300E4C55F /* Release */,
			);
			defaultConfigurationIsVisible = 0;
			defaultConfigurationName = Debug;
		};
/* End XCConfigurationList section */

/* Begin XCVersionGroup section */
		F632DEF626696CD300E4C55F /* bsuirSchedule.xcdatamodeld */ = {
			isa = XCVersionGroup;
			children = (
				F632DEF726696CD300E4C55F /* bsuirTimetable.xcdatamodel */,
			);
			currentVersion = F632DEF726696CD300E4C55F /* bsuirTimetable.xcdatamodel */;
			path = bsuirSchedule.xcdatamodeld;
			sourceTree = "<group>";
			versionGroupType = wrapper.xcdatamodel;
		};
/* End XCVersionGroup section */
	};
	rootObject = F632DEE026696CCB00E4C55F /* Project object */;
}
